
Microsoft Visual Studio Solution File, Format Version 11.00
# Visual Studio 2010
Project("{8BC9CEB8-8B4A-11D0-8D11-00A0C91BC942}") = "cv", "..\cv\src\cv.vcxproj", "{E72E9BA8-8F4C-C235-9CE2-AFD40BC52144}"
	ProjectSection(ProjectDependencies) = postProject
		{1869049B-D3C3-0332-EFEC-B9F8848A8C9B} = {1869049B-D3C3-0332-EFEC-B9F8848A8C9B}
	EndProjectSection
EndProject
Project("{8BC9CEB8-8B4A-11D0-8D11-00A0C91BC942}") = "cvaux", "..\cvaux\src\cvaux.vcxproj", "{2DA86D7D-DF9F-136A-0B15-5072B3E5AA4E}"
	ProjectSection(ProjectDependencies) = postProject
		{E72E9BA8-8F4C-C235-9CE2-AFD40BC52144} = {E72E9BA8-8F4C-C235-9CE2-AFD40BC52144}
		{1869049B-D3C3-0332-EFEC-B9F8848A8C9B} = {1869049B-D3C3-0332-EFEC-B9F8848A8C9B}
	EndProjectSection
EndProject
Project("{8BC9CEB8-8B4A-11D0-8D11-00A0C91BC942}") = "cvinfo", "..\utils\cvinfo\cvinfo.vcxproj", "{674FBECF-BE91-16E1-FE14-9200902009DC}"
EndProject
Project("{8BC9CEB8-8B4A-11D0-8D11-00A0C91BC942}") = "cvsample", "..\samples\c\cvsample.vcxproj", "{28F10922-2CFF-DF56-9A48-C4FE677A8DA2}"
	ProjectSection(ProjectDependencies) = postProject
		{E72E9BA8-8F4C-C235-9CE2-AFD40BC52144} = {E72E9BA8-8F4C-C235-9CE2-AFD40BC52144}
		{1869049B-D3C3-0332-EFEC-B9F8848A8C9B} = {1869049B-D3C3-0332-EFEC-B9F8848A8C9B}
		{6FDF1908-6212-950C-A3F4-365B64A6067F} = {6FDF1908-6212-950C-A3F4-365B64A6067F}
	EndProjectSection
EndProject
Project("{8BC9CEB8-8B4A-11D0-8D11-00A0C91BC942}") = "cvtest", "..\tests\cv\src\cvtest.vcxproj", "{34BD3F90-B1D3-3184-F182-DA468083408E}"
	ProjectSection(ProjectDependencies) = postProject
		{E72E9BA8-8F4C-C235-9CE2-AFD40BC52144} = {E72E9BA8-8F4C-C235-9CE2-AFD40BC52144}
		{2DA86D7D-DF9F-136A-0B15-5072B3E5AA4E} = {2DA86D7D-DF9F-136A-0B15-5072B3E5AA4E}
		{6FDF1908-6212-950C-A3F4-365B64A6067F} = {6FDF1908-6212-950C-A3F4-365B64A6067F}
		{1869049B-D3C3-0332-EFEC-B9F8848A8C9B} = {1869049B-D3C3-0332-EFEC-B9F8848A8C9B}
		{7FA859CE-B6F7-06AD-7CEE-207701FDA2DE} = {7FA859CE-B6F7-06AD-7CEE-207701FDA2DE}
	EndProjectSection
EndProject
Project("{8BC9CEB8-8B4A-11D0-8D11-00A0C91BC942}") = "cxcore", "..\cxcore\src\cxcore.vcxproj", "{1869049B-D3C3-0332-EFEC-B9F8848A8C9B}"
EndProject
Project("{8BC9CEB8-8B4A-11D0-8D11-00A0C91BC942}") = "cxcoretest", "..\tests\cxcore\src\cxcoretest.vcxproj", "{82F48F97-ACE2-827C-B06D-8D27A0BC8ECD}"
	ProjectSection(ProjectDependencies) = postProject
		{1869049B-D3C3-0332-EFEC-B9F8848A8C9B} = {1869049B-D3C3-0332-EFEC-B9F8848A8C9B}
		{7FA859CE-B6F7-06AD-7CEE-207701FDA2DE} = {7FA859CE-B6F7-06AD-7CEE-207701FDA2DE}
	EndProjectSection
EndProject
Project("{8BC9CEB8-8B4A-11D0-8D11-00A0C91BC942}") = "cxts", "..\tests\cxts\cxts.vcxproj", "{7FA859CE-B6F7-06AD-7CEE-207701FDA2DE}"
	ProjectSection(ProjectDependencies) = postProject
		{1869049B-D3C3-0332-EFEC-B9F8848A8C9B} = {1869049B-D3C3-0332-EFEC-B9F8848A8C9B}
	EndProjectSection
EndProject
Project("{8BC9CEB8-8B4A-11D0-8D11-00A0C91BC942}") = "highgui", "..\otherlibs\highgui\highgui.vcxproj", "{6FDF1908-6212-950C-A3F4-365B64A6067F}"
	ProjectSection(ProjectDependencies) = postProject
		{1869049B-D3C3-0332-EFEC-B9F8848A8C9B} = {1869049B-D3C3-0332-EFEC-B9F8848A8C9B}
	EndProjectSection
EndProject
Project("{8BC9CEB8-8B4A-11D0-8D11-00A0C91BC942}") = "ml", "..\ml\src\ml.vcxproj", "{4E0244AD-85FF-8394-1516-B69058056E4E}"
	ProjectSection(ProjectDependencies) = postProject
		{1869049B-D3C3-0332-EFEC-B9F8848A8C9B} = {1869049B-D3C3-0332-EFEC-B9F8848A8C9B}
	EndProjectSection
EndProject
Project("{2150E333-8FDC-42A3-9474-1A3956D46DE8}") = "NewFolder1", "NewFolder1", "{5D440DE7-4045-4A00-9E89-D0A7F3E56832}"
EndProject
Global
	GlobalSection(SolutionConfigurationPlatforms) = preSolution
		Debug|Win32 = Debug|Win32
		Debug64 Itanium|Win32 = Debug64 Itanium|Win32
		Debug64|Win32 = Debug64|Win32
		Release|Win32 = Release|Win32
		Release64 Itanium|Win32 = Release64 Itanium|Win32
		Release64|Win32 = Release64|Win32
		Template|Win32 = Template|Win32
	EndGlobalSection
	GlobalSection(ProjectConfigurationPlatforms) = postSolution
		{E72E9BA8-8F4C-C235-9CE2-AFD40BC52144}.Debug|Win32.ActiveCfg = Debug|Win32
		{E72E9BA8-8F4C-C235-9CE2-AFD40BC52144}.Debug|Win32.Build.0 = Debug|Win32
		{E72E9BA8-8F4C-C235-9CE2-AFD40BC52144}.Debug64 Itanium|Win32.ActiveCfg = Debug64 Itanium|Win32
		{E72E9BA8-8F4C-C235-9CE2-AFD40BC52144}.Debug64 Itanium|Win32.Build.0 = Debug64 Itanium|Win32
		{E72E9BA8-8F4C-C235-9CE2-AFD40BC52144}.Debug64|Win32.ActiveCfg = Debug64|Win32
		{E72E9BA8-8F4C-C235-9CE2-AFD40BC52144}.Debug64|Win32.Build.0 = Debug64|Win32
		{E72E9BA8-8F4C-C235-9CE2-AFD40BC52144}.Release|Win32.ActiveCfg = Release|Win32
		{E72E9BA8-8F4C-C235-9CE2-AFD40BC52144}.Release|Win32.Build.0 = Release|Win32
		{E72E9BA8-8F4C-C235-9CE2-AFD40BC52144}.Release64 Itanium|Win32.ActiveCfg = Release64 Itanium|Win32
		{E72E9BA8-8F4C-C235-9CE2-AFD40BC52144}.Release64 Itanium|Win32.Build.0 = Release64 Itanium|Win32
		{E72E9BA8-8F4C-C235-9CE2-AFD40BC52144}.Release64|Win32.ActiveCfg = Release64|Win32
		{E72E9BA8-8F4C-C235-9CE2-AFD40BC52144}.Release64|Win32.Build.0 = Release64|Win32
		{E72E9BA8-8F4C-C235-9CE2-AFD40BC52144}.Template|Win32.ActiveCfg = Release|Win32
		{E72E9BA8-8F4C-C235-9CE2-AFD40BC52144}.Template|Win32.Build.0 = Release|Win32
		{2DA86D7D-DF9F-136A-0B15-5072B3E5AA4E}.Debug|Win32.ActiveCfg = Debug|Win32
		{2DA86D7D-DF9F-136A-0B15-5072B3E5AA4E}.Debug|Win32.Build.0 = Debug|Win32
		{2DA86D7D-DF9F-136A-0B15-5072B3E5AA4E}.Debug64 Itanium|Win32.ActiveCfg = Debug64 Itanium|Win32
		{2DA86D7D-DF9F-136A-0B15-5072B3E5AA4E}.Debug64 Itanium|Win32.Build.0 = Debug64 Itanium|Win32
		{2DA86D7D-DF9F-136A-0B15-5072B3E5AA4E}.Debug64|Win32.ActiveCfg = Debug64|Win32
		{2DA86D7D-DF9F-136A-0B15-5072B3E5AA4E}.Debug64|Win32.Build.0 = Debug64|Win32
		{2DA86D7D-DF9F-136A-0B15-5072B3E5AA4E}.Release|Win32.ActiveCfg = Release|Win32
		{2DA86D7D-DF9F-136A-0B15-5072B3E5AA4E}.Release|Win32.Build.0 = Release|Win32
		{2DA86D7D-DF9F-136A-0B15-5072B3E5AA4E}.Release64 Itanium|Win32.ActiveCfg = Release64 Itanium|Win32
		{2DA86D7D-DF9F-136A-0B15-5072B3E5AA4E}.Release64 Itanium|Win32.Build.0 = Release64 Itanium|Win32
		{2DA86D7D-DF9F-136A-0B15-5072B3E5AA4E}.Release64|Win32.ActiveCfg = Release64|Win32
		{2DA86D7D-DF9F-136A-0B15-5072B3E5AA4E}.Release64|Win32.Build.0 = Release64|Win32
		{2DA86D7D-DF9F-136A-0B15-5072B3E5AA4E}.Template|Win32.ActiveCfg = Template|Win32
		{2DA86D7D-DF9F-136A-0B15-5072B3E5AA4E}.Template|Win32.Build.0 = Template|Win32
		{674FBECF-BE91-16E1-FE14-9200902009DC}.Debug|Win32.ActiveCfg = Debug|Win32
		{674FBECF-BE91-16E1-FE14-9200902009DC}.Debug|Win32.Build.0 = Debug|Win32
		{674FBECF-BE91-16E1-FE14-9200902009DC}.Debug64 Itanium|Win32.ActiveCfg = Debug|Win32
		{674FBECF-BE91-16E1-FE14-9200902009DC}.Debug64 Itanium|Win32.Build.0 = Debug|Win32
		{674FBECF-BE91-16E1-FE14-9200902009DC}.Debug64|Win32.ActiveCfg = Debug|Win32
		{674FBECF-BE91-16E1-FE14-9200902009DC}.Debug64|Win32.Build.0 = Debug|Win32
		{674FBECF-BE91-16E1-FE14-9200902009DC}.Release|Win32.ActiveCfg = Release|Win32
		{674FBECF-BE91-16E1-FE14-9200902009DC}.Release|Win32.Build.0 = Release|Win32
		{674FBECF-BE91-16E1-FE14-9200902009DC}.Release64 Itanium|Win32.ActiveCfg = Release|Win32
		{674FBECF-BE91-16E1-FE14-9200902009DC}.Release64 Itanium|Win32.Build.0 = Release|Win32
		{674FBECF-BE91-16E1-FE14-9200902009DC}.Release64|Win32.ActiveCfg = Release|Win32
		{674FBECF-BE91-16E1-FE14-9200902009DC}.Release64|Win32.Build.0 = Release|Win32
		{674FBECF-BE91-16E1-FE14-9200902009DC}.Template|Win32.ActiveCfg = Template|Win32
		{674FBECF-BE91-16E1-FE14-9200902009DC}.Template|Win32.Build.0 = Template|Win32
		{28F10922-2CFF-DF56-9A48-C4FE677A8DA2}.Debug|Win32.ActiveCfg = Debug|Win32
		{28F10922-2CFF-DF56-9A48-C4FE677A8DA2}.Debug|Win32.Build.0 = Debug|Win32
		{28F10922-2CFF-DF56-9A48-C4FE677A8DA2}.Debug64 Itanium|Win32.ActiveCfg = Debug64 Itanium|Win32
		{28F10922-2CFF-DF56-9A48-C4FE677A8DA2}.Debug64 Itanium|Win32.Build.0 = Debug64 Itanium|Win32
		{28F10922-2CFF-DF56-9A48-C4FE677A8DA2}.Debug64|Win32.ActiveCfg = Debug64|Win32
		{28F10922-2CFF-DF56-9A48-C4FE677A8DA2}.Debug64|Win32.Build.0 = Debug64|Win32
		{28F10922-2CFF-DF56-9A48-C4FE677A8DA2}.Release|Win32.ActiveCfg = Release|Win32
		{28F10922-2CFF-DF56-9A48-C4FE677A8DA2}.Release|Win32.Build.0 = Release|Win32
		{28F10922-2CFF-DF56-9A48-C4FE677A8DA2}.Release64 Itanium|Win32.ActiveCfg = Release64 Itanium|Win32
		{28F10922-2CFF-DF56-9A48-C4FE677A8DA2}.Release64 Itanium|Win32.Build.0 = Release64 Itanium|Win32
		{28F10922-2CFF-DF56-9A48-C4FE677A8DA2}.Release64|Win32.ActiveCfg = Release64|Win32
		{28F10922-2CFF-DF56-9A48-C4FE677A8DA2}.Release64|Win32.Build.0 = Release64|Win32
		{28F10922-2CFF-DF56-9A48-C4FE677A8DA2}.Template|Win32.ActiveCfg = Template|Win32
		{28F10922-2CFF-DF56-9A48-C4FE677A8DA2}.Template|Win32.Build.0 = Template|Win32
		{34BD3F90-B1D3-3184-F182-DA468083408E}.Debug|Win32.ActiveCfg = Debug|Win32
		{34BD3F90-B1D3-3184-F182-DA468083408E}.Debug|Win32.Build.0 = Debug|Win32
		{34BD3F90-B1D3-3184-F182-DA468083408E}.Debug64 Itanium|Win32.ActiveCfg = Debug64 Itanium|Win32
		{34BD3F90-B1D3-3184-F182-DA468083408E}.Debug64 Itanium|Win32.Build.0 = Debug64 Itanium|Win32
		{34BD3F90-B1D3-3184-F182-DA468083408E}.Debug64|Win32.ActiveCfg = Debug64|Win32
		{34BD3F90-B1D3-3184-F182-DA468083408E}.Debug64|Win32.Build.0 = Debug64|Win32
		{34BD3F90-B1D3-3184-F182-DA468083408E}.Release|Win32.ActiveCfg = Release|Win32
		{34BD3F90-B1D3-3184-F182-DA468083408E}.Release|Win32.Build.0 = Release|Win32
		{34BD3F90-B1D3-3184-F182-DA468083408E}.Release64 Itanium|Win32.ActiveCfg = Release64 Itanium|Win32
		{34BD3F90-B1D3-3184-F182-DA468083408E}.Release64 Itanium|Win32.Build.0 = Release64 Itanium|Win32
		{34BD3F90-B1D3-3184-F182-DA468083408E}.Release64|Win32.ActiveCfg = Release64|Win32
		{34BD3F90-B1D3-3184-F182-DA468083408E}.Release64|Win32.Build.0 = Release64|Win32
		{34BD3F90-B1D3-3184-F182-DA468083408E}.Template|Win32.ActiveCfg = Template|Win32
		{34BD3F90-B1D3-3184-F182-DA468083408E}.Template|Win32.Build.0 = Template|Win32
		{1869049B-D3C3-0332-EFEC-B9F8848A8C9B}.Debug|Win32.ActiveCfg = Debug|Win32
		{1869049B-D3C3-0332-EFEC-B9F8848A8C9B}.Debug|Win32.Build.0 = Debug|Win32
		{1869049B-D3C3-0332-EFEC-B9F8848A8C9B}.Debug64 Itanium|Win32.ActiveCfg = Debug64 Itanium|Win32
		{1869049B-D3C3-0332-EFEC-B9F8848A8C9B}.Debug64 Itanium|Win32.Build.0 = Debug64 Itanium|Win32
		{1869049B-D3C3-0332-EFEC-B9F8848A8C9B}.Debug64|Win32.ActiveCfg = Debug64|Win32
		{1869049B-D3C3-0332-EFEC-B9F8848A8C9B}.Debug64|Win32.Build.0 = Debug64|Win32
		{1869049B-D3C3-0332-EFEC-B9F8848A8C9B}.Release|Win32.ActiveCfg = Release|Win32
		{1869049B-D3C3-0332-EFEC-B9F8848A8C9B}.Release|Win32.Build.0 = Release|Win32
		{1869049B-D3C3-0332-EFEC-B9F8848A8C9B}.Release64 Itanium|Win32.ActiveCfg = Release64 Itanium|Win32
		{1869049B-D3C3-0332-EFEC-B9F8848A8C9B}.Release64 Itanium|Win32.Build.0 = Release64 Itanium|Win32
		{1869049B-D3C3-0332-EFEC-B9F8848A8C9B}.Release64|Win32.ActiveCfg = Release64|Win32
		{1869049B-D3C3-0332-EFEC-B9F8848A8C9B}.Release64|Win32.Build.0 = Release64|Win32
		{1869049B-D3C3-0332-EFEC-B9F8848A8C9B}.Template|Win32.ActiveCfg = Template|Win32
		{1869049B-D3C3-0332-EFEC-B9F8848A8C9B}.Template|Win32.Build.0 = Template|Win32
		{82F48F97-ACE2-827C-B06D-8D27A0BC8ECD}.Debug|Win32.ActiveCfg = Debug|Win32
		{82F48F97-ACE2-827C-B06D-8D27A0BC8ECD}.Debug|Win32.Build.0 = Debug|Win32
		{82F48F97-ACE2-827C-B06D-8D27A0BC8ECD}.Debug64 Itanium|Win32.ActiveCfg = Debug64 Itanium|Win32
		{82F48F97-ACE2-827C-B06D-8D27A0BC8ECD}.Debug64 Itanium|Win32.Build.0 = Debug64 Itanium|Win32
		{82F48F97-ACE2-827C-B06D-8D27A0BC8ECD}.Debug64|Win32.ActiveCfg = Debug64|Win32
		{82F48F97-ACE2-827C-B06D-8D27A0BC8ECD}.Debug64|Win32.Build.0 = Debug64|Win32
		{82F48F97-ACE2-827C-B06D-8D27A0BC8ECD}.Release|Win32.ActiveCfg = Release|Win32
		{82F48F97-ACE2-827C-B06D-8D27A0BC8ECD}.Release|Win32.Build.0 = Release|Win32
		{82F48F97-ACE2-827C-B06D-8D27A0BC8ECD}.Release64 Itanium|Win32.ActiveCfg = Release64 Itanium|Win32
		{82F48F97-ACE2-827C-B06D-8D27A0BC8ECD}.Release64 Itanium|Win32.Build.0 = Release64 Itanium|Win32
		{82F48F97-ACE2-827C-B06D-8D27A0BC8ECD}.Release64|Win32.ActiveCfg = Release64|Win32
		{82F48F97-ACE2-827C-B06D-8D27A0BC8ECD}.Release64|Win32.Build.0 = Release64|Win32
		{82F48F97-ACE2-827C-B06D-8D27A0BC8ECD}.Template|Win32.ActiveCfg = Template|Win32
		{82F48F97-ACE2-827C-B06D-8D27A0BC8ECD}.Template|Win32.Build.0 = Template|Win32
		{7FA859CE-B6F7-06AD-7CEE-207701FDA2DE}.Debug|Win32.ActiveCfg = Debug|Win32
		{7FA859CE-B6F7-06AD-7CEE-207701FDA2DE}.Debug|Win32.Build.0 = Debug|Win32
		{7FA859CE-B6F7-06AD-7CEE-207701FDA2DE}.Debug64 Itanium|Win32.ActiveCfg = Debug64 Itanium|Win32
		{7FA859CE-B6F7-06AD-7CEE-207701FDA2DE}.Debug64 Itanium|Win32.Build.0 = Debug64 Itanium|Win32
		{7FA859CE-B6F7-06AD-7CEE-207701FDA2DE}.Debug64|Win32.ActiveCfg = Debug64|Win32
		{7FA859CE-B6F7-06AD-7CEE-207701FDA2DE}.Debug64|Win32.Build.0 = Debug64|Win32
		{7FA859CE-B6F7-06AD-7CEE-207701FDA2DE}.Release|Win32.ActiveCfg = Release|Win32
		{7FA859CE-B6F7-06AD-7CEE-207701FDA2DE}.Release|Win32.Build.0 = Release|Win32
		{7FA859CE-B6F7-06AD-7CEE-207701FDA2DE}.Release64 Itanium|Win32.ActiveCfg = Release64 Itanium|Win32
		{7FA859CE-B6F7-06AD-7CEE-207701FDA2DE}.Release64 Itanium|Win32.Build.0 = Release64 Itanium|Win32
		{7FA859CE-B6F7-06AD-7CEE-207701FDA2DE}.Release64|Win32.ActiveCfg = Release64|Win32
		{7FA859CE-B6F7-06AD-7CEE-207701FDA2DE}.Release64|Win32.Build.0 = Release64|Win32
		{7FA859CE-B6F7-06AD-7CEE-207701FDA2DE}.Template|Win32.ActiveCfg = Template|Win32
		{7FA859CE-B6F7-06AD-7CEE-207701FDA2DE}.Template|Win32.Build.0 = Template|Win32
		{6FDF1908-6212-950C-A3F4-365B64A6067F}.Debug|Win32.ActiveCfg = Debug|Win32
		{6FDF1908-6212-950C-A3F4-365B64A6067F}.Debug|Win32.Build.0 = Debug|Win32
		{6FDF1908-6212-950C-A3F4-365B64A6067F}.Debug64 Itanium|Win32.ActiveCfg = Debug64 Itanium|Win32
		{6FDF1908-6212-950C-A3F4-365B64A6067F}.Debug64 Itanium|Win32.Build.0 = Debug64 Itanium|Win32
		{6FDF1908-6212-950C-A3F4-365B64A6067F}.Debug64|Win32.ActiveCfg = Debug64|Win32
		{6FDF1908-6212-950C-A3F4-365B64A6067F}.Debug64|Win32.Build.0 = Debug64|Win32
		{6FDF1908-6212-950C-A3F4-365B64A6067F}.Release|Win32.ActiveCfg = Release|Win32
		{6FDF1908-6212-950C-A3F4-365B64A6067F}.Release|Win32.Build.0 = Release|Win32
		{6FDF1908-6212-950C-A3F4-365B64A6067F}.Release64 Itanium|Win32.ActiveCfg = Release64 Itanium|Win32
		{6FDF1908-6212-950C-A3F4-365B64A6067F}.Release64 Itanium|Win32.Build.0 = Release64 Itanium|Win32
		{6FDF1908-6212-950C-A3F4-365B64A6067F}.Release64|Win32.ActiveCfg = Release64|Win32
		{6FDF1908-6212-950C-A3F4-365B64A6067F}.Release64|Win32.Build.0 = Release64|Win32
		{6FDF1908-6212-950C-A3F4-365B64A6067F}.Template|Win32.ActiveCfg = Template|Win32
		{6FDF1908-6212-950C-A3F4-365B64A6067F}.Template|Win32.Build.0 = Template|Win32
		{4E0244AD-85FF-8394-1516-B69058056E4E}.Debug|Win32.ActiveCfg = Debug|Win32
		{4E0244AD-85FF-8394-1516-B69058056E4E}.Debug|Win32.Build.0 = Debug|Win32
		{4E0244AD-85FF-8394-1516-B69058056E4E}.Debug64 Itanium|Win32.ActiveCfg = Debug|Win32
		{4E0244AD-85FF-8394-1516-B69058056E4E}.Debug64 Itanium|Win32.Build.0 = Debug|Win32
		{4E0244AD-85FF-8394-1516-B69058056E4E}.Debug64|Win32.ActiveCfg = Debug|Win32
		{4E0244AD-85FF-8394-1516-B69058056E4E}.Debug64|Win32.Build.0 = Debug|Win32
		{4E0244AD-85FF-8394-1516-B69058056E4E}.Release|Win32.ActiveCfg = Release|Win32
		{4E0244AD-85FF-8394-1516-B69058056E4E}.Release|Win32.Build.0 = Release|Win32
		{4E0244AD-85FF-8394-1516-B69058056E4E}.Release64 Itanium|Win32.ActiveCfg = Release|Win32
		{4E0244AD-85FF-8394-1516-B69058056E4E}.Release64 Itanium|Win32.Build.0 = Release|Win32
		{4E0244AD-85FF-8394-1516-B69058056E4E}.Release64|Win32.ActiveCfg = Release|Win32
		{4E0244AD-85FF-8394-1516-B69058056E4E}.Release64|Win32.Build.0 = Release|Win32
		{4E0244AD-85FF-8394-1516-B69058056E4E}.Template|Win32.ActiveCfg = Template|Win32
		{4E0244AD-85FF-8394-1516-B69058056E4E}.Template|Win32.Build.0 = Template|Win32
	EndGlobalSection
	GlobalSection(SolutionProperties) = preSolution
		HideSolutionNode = FALSE
	EndGlobalSection
EndGlobal
